
Microsoft Visual Studio Solution File, Format Version 12.00
# Visual Studio Version 16
VisualStudioVersion = 16.0.31729.503
MinimumVisualStudioVersion = 10.0.40219.1
Project("{FAE04EC0-301F-11D3-BF4B-00C04F79EFBC}") = "WarehouseManagmentSystem", "WarehouseManagmentSystem\WarehouseManagmentSystem.csproj", "{71E665BC-6135-43F3-8FBD-81A36417F2F7}"
EndProject
Global
	GlobalSection(SolutionConfigurationPlatforms) = preSolution
		Debug|Any CPU = Debug|Any CPU
		Release|Any CPU = Release|Any CPU
	EndGlobalSection
	GlobalSection(ProjectConfigurationPlatforms) = postSolution
		{71E665BC-6135-43F3-8FBD-81A36417F2F7}.Debug|Any CPU.ActiveCfg = Debug|Any CPU
		{71E665BC-6135-43F3-8FBD-81A36417F2F7}.Debug|Any CPU.Build.0 = Debug|Any CPU
		{71E665BC-6135-43F3-8FBD-81A36417F2F7}.Release|Any CPU.ActiveCfg = Release|Any CPU
		{71E665BC-6135-43F3-8FBD-81A36417F2F7}.Release|Any CPU.Build.0 = Release|Any CPU
	EndGlobalSection
	GlobalSection(SolutionProperties) = preSolution
		HideSolutionNode = FALSE
	EndGlobalSection
	GlobalSection(ExtensibilityGlobals) = postSolution
		SolutionGuid = {2571A6F2-EF39-4F1B-BA1D-3D532B763C79}
	EndGlobalSection
EndGlobal
